// !$*UTF8*$!
{
	archiveVersion = 1;
	classes = {
	};
	objectVersion = 50;
	objects = {

/* Begin PBXBuildFile section */
		F889F5372519F50500014FBA /* AppDelegate.swift in Sources */ = {isa = PBXBuildFile; fileRef = F889F5362519F50500014FBA /* AppDelegate.swift */; };
		F889F5392519F50500014FBA /* SceneDelegate.swift in Sources */ = {isa = PBXBuildFile; fileRef = F889F5382519F50500014FBA /* SceneDelegate.swift */; };
		F889F53B2519F50500014FBA /* ViewController.swift in Sources */ = {isa = PBXBuildFile; fileRef = F889F53A2519F50500014FBA /* ViewController.swift */; };
		F889F53E2519F50500014FBA /* Main.storyboard in Resources */ = {isa = PBXBuildFile; fileRef = F889F53C2519F50500014FBA /* Main.storyboard */; };
		F889F5412519F50500014FBA /* cars.xcdatamodeld in Sources */ = {isa = PBXBuildFile; fileRef = F889F53F2519F50500014FBA /* cars.xcdatamodeld */; };
		F889F5432519F50700014FBA /* Assets.xcassets in Resources */ = {isa = PBXBuildFile; fileRef = F889F5422519F50700014FBA /* Assets.xcassets */; };
		F889F5462519F50700014FBA /* LaunchScreen.storyboard in Resources */ = {isa = PBXBuildFile; fileRef = F889F5442519F50700014FBA /* LaunchScreen.storyboard */; };
		F889F54F251A403000014FBA /* data.plist in Resources */ = {isa = PBXBuildFile; fileRef = F889F54E251A403000014FBA /* data.plist */; };
/* End PBXBuildFile section */

/* Begin PBXFileReference section */
		F889F5332519F50500014FBA /* cars.app */ = {isa = PBXFileReference; explicitFileType = wrapper.application; includeInIndex = 0; path = cars.app; sourceTree = BUILT_PRODUCTS_DIR; };
		F889F5362519F50500014FBA /* AppDelegate.swift */ = {isa = PBXFileReference; lastKnownFileType = sourcecode.swift; path = AppDelegate.swift; sourceTree = "<group>"; };
		F889F5382519F50500014FBA /* SceneDelegate.swift */ = {isa = PBXFileReference; lastKnownFileType = sourcecode.swift; path = SceneDelegate.swift; sourceTree = "<group>"; };
		F889F53A2519F50500014FBA /* ViewController.swift */ = {isa = PBXFileReference; lastKnownFileType = sourcecode.swift; path = ViewController.swift; sourceTree = "<group>"; };
		F889F53D2519F50500014FBA /* Base */ = {isa = PBXFileReference; lastKnownFileType = file.storyboard; name = Base; path = Base.lproj/Main.storyboard; sourceTree = "<group>"; };
		F889F5402519F50500014FBA /* cars.xcdatamodel */ = {isa = PBXFileReference; lastKnownFileType = wrapper.xcdatamodel; path = cars.xcdatamodel; sourceTree = "<group>"; };
		F889F5422519F50700014FBA /* Assets.xcassets */ = {isa = PBXFileReference; lastKnownFileType = folder.assetcatalog; path = Assets.xcassets; sourceTree = "<group>"; };
		F889F5452519F50700014FBA /* Base */ = {isa = PBXFileReference; lastKnownFileType = file.storyboard; name = Base; path = Base.lproj/LaunchScreen.storyboard; sourceTree = "<group>"; };
		F889F5472519F50700014FBA /* Info.plist */ = {isa = PBXFileReference; lastKnownFileType = text.plist.xml; path = Info.plist; sourceTree = "<group>"; };
		F889F54E251A403000014FBA /* data.plist */ = {isa = PBXFileReference; fileEncoding = 4; lastKnownFileType = text.plist.xml; path = data.plist; sourceTree = "<group>"; };
/* End PBXFileReference section */

/* Begin PBXFrameworksBuildPhase section */
		F889F5302519F50500014FBA /* Frameworks */ = {
			isa = PBXFrameworksBuildPhase;
			buildActionMask = 2147483647;
			files = (
			);
			runOnlyForDeploymentPostprocessing = 0;
		};
/* End PBXFrameworksBuildPhase section */

/* Begin PBXGroup section */
		F889F52A2519F50500014FBA = {
			isa = PBXGroup;
			children = (
				F889F5352519F50500014FBA /* cars */,
				F889F5342519F50500014FBA /* Products */,
			);
			sourceTree = "<group>";
		};
		F889F5342519F50500014FBA /* Products */ = {
			isa = PBXGroup;
			children = (
				F889F5332519F50500014FBA /* cars.app */,
			);
			name = Products;
			sourceTree = "<group>";
		};
		F889F5352519F50500014FBA /* cars */ = {
			isa = PBXGroup;
			children = (
				F889F5362519F50500014FBA /* AppDelegate.swift */,
				F889F5382519F50500014FBA /* SceneDelegate.swift */,
				F889F53A2519F50500014FBA /* ViewController.swift */,
				F889F53C2519F50500014FBA /* Main.storyboard */,
				F889F5422519F50700014FBA /* Assets.xcassets */,
				F889F5442519F50700014FBA /* LaunchScreen.storyboard */,
				F889F5472519F50700014FBA /* Info.plist */,
				F889F53F2519F50500014FBA /* cars.xcdatamodeld */,
				F889F54E251A403000014FBA /* data.plist */,
			);
			path = cars;
			sourceTree = "<group>";
		};
/* End PBXGroup section */

/* Begin PBXNativeTarget section */
		F889F5322519F50500014FBA /* cars */ = {
			isa = PBXNativeTarget;
			buildConfigurationList = F889F54A2519F50700014FBA /* Build configuration list for PBXNativeTarget "cars" */;
			buildPhases = (
				F889F52F2519F50500014FBA /* Sources */,
				F889F5302519F50500014FBA /* Frameworks */,
				F889F5312519F50500014FBA /* Resources */,
			);
			buildRules = (
			);
			dependencies = (
			);
			name = cars;
			productName = cars;
			productReference = F889F5332519F50500014FBA /* cars.app */;
			productType = "com.apple.product-type.application";
		};
/* End PBXNativeTarget section */

/* Begin PBXProject section */
		F889F52B2519F50500014FBA /* Project object */ = {
			isa = PBXProject;
			attributes = {
				LastSwiftUpdateCheck = 1200;
				LastUpgradeCheck = 1200;
				TargetAttributes = {
					F889F5322519F50500014FBA = {
						CreatedOnToolsVersion = 12.0;
					};
				};
			};
			buildConfigurationList = F889F52E2519F50500014FBA /* Build configuration list for PBXProject "cars" */;
			compatibilityVersion = "Xcode 9.3";
			developmentRegion = en;
			hasScannedForEncodings = 0;
			knownRegions = (
				en,
				Base,
			);
			mainGroup = F889F52A2519F50500014FBA;
			productRefGroup = F889F5342519F50500014FBA /* Products */;
			projectDirPath = "";
			projectRoot = "";
			targets = (
				F889F5322519F50500014FBA /* cars */,
			);
		};
/* End PBXProject section */

/* Begin PBXResourcesBuildPhase section */
		F889F5312519F50500014FBA /* Resources */ = {
			isa = PBXResourcesBuildPhase;
			buildActionMask = 2147483647;
			files = (
				F889F5462519F50700014FBA /* LaunchScreen.storyboard in Resources */,
				F889F5432519F50700014FBA /* Assets.xcassets in Resources */,
				F889F54F251A403000014FBA /* data.plist in Resources */,
				F889F53E2519F50500014FBA /* Main.storyboard in Resources */,
			);
			runOnlyForDeploymentPostprocessing = 0;
		};
/* End PBXResourcesBuildPhase section */

/* Begin PBXSourcesBuildPhase section */
		F889F52F2519F50500014FBA /* Sources */ = {
			isa = PBXSourcesBuildPhase;
			buildActionMask = 2147483647;
			files = (
				F889F53B2519F50500014FBA /* ViewController.swift in Sources */,
				F889F5372519F50500014FBA /* AppDelegate.swift in Sources */,
				F889F5412519F50500014FBA /* cars.xcdatamodeld in Sources */,
				F889F5392519F50500014FBA /* SceneDelegate.swift in Sources */,
			);
			runOnlyForDeploymentPostprocessing = 0;
		};
/* End PBXSourcesBuildPhase section */

/* Begin PBXVariantGroup section */
		F889F53C2519F50500014FBA /* Main.storyboard */ = {
			isa = PBXVariantGroup;
			children = (
				F889F53D2519F50500014FBA /* Base */,
			);
			name = Main.storyboard;
			sourceTree = "<group>";
		};
		F889F5442519F50700014FBA /* LaunchScreen.storyboard */ = {
			isa = PBXVariantGroup;
			children = (
				F889F5452519F50700014FBA /* Base */,
			);
			name = LaunchScreen.storyboard;
			sourceTree = "<group>";
		};
/* End PBXVariantGroup section */

/* Begin XCBuildConfiguration section */
		F889F5482519F50700014FBA /* Debug */ = {
			isa = XCBuildConfiguration;
			buildSettings = {
				ALWAYS_SEARCH_USER_PATHS = NO;
				CLANG_ANALYZER_NONNULL = YES;
				CLANG_ANALYZER_NUMBER_OBJECT_CONVERSION = YES_AGGRESSIVE;
				CLANG_CXX_LANGUAGE_STANDARD = "gnu++14";
				CLANG_CXX_LIBRARY = "libc++";
				CLANG_ENABLE_MODULES = YES;
				CLANG_ENABLE_OBJC_ARC = YES;
				CLANG_ENABLE_OBJC_WEAK = YES;
				CLANG_WARN_BLOCK_CAPTURE_AUTORELEASING = YES;
				CLANG_WARN_BOOL_CONVERSION = YES;
				CLANG_WARN_COMMA = YES;
				CLANG_WARN_CONSTANT_CONVERSION = YES;
				CLANG_WARN_DEPRECATED_OBJC_IMPLEMENTATIONS = YES;
				CLANG_WARN_DIRECT_OBJC_ISA_USAGE = YES_ERROR;
				CLANG_WARN_DOCUMENTATION_COMMENTS = YES;
				CLANG_WARN_EMPTY_BODY = YES;
				CLANG_WARN_ENUM_CONVERSION = YES;
				CLANG_WARN_INFINITE_RECURSION = YES;
				CLANG_WARN_INT_CONVERSION = YES;
				CLANG_WARN_NON_LITERAL_NULL_CONVERSION = YES;
				CLANG_WARN_OBJC_IMPLICIT_RETAIN_SELF = YES;
				CLANG_WARN_OBJC_LITERAL_CONVERSION = YES;
				CLANG_WARN_OBJC_ROOT_CLASS = YES_ERROR;
				CLANG_WARN_QUOTED_INCLUDE_IN_FRAMEWORK_HEADER = YES;
				CLANG_WARN_RANGE_LOOP_ANALYSIS = YES;
				CLANG_WARN_STRICT_PROTOTYPES = YES;
				CLANG_WARN_SUSPICIOUS_MOVE = YES;
				CLANG_WARN_UNGUARDED_AVAILABILITY = YES_AGGRESSIVE;
				CLANG_WARN_UNREACHABLE_CODE = YES;
				CLANG_WARN__DUPLICATE_METHOD_MATCH = YES;
				COPY_PHASE_STRIP = NO;
				DEBUG_INFORMATION_FORMAT = dwarf;
				ENABLE_STRICT_OBJC_MSGSEND = YES;
				ENABLE_TESTABILITY = YES;
				GCC_C_LANGUAGE_STANDARD = gnu11;
				GCC_DYNAMIC_NO_PIC = NO;
				GCC_NO_COMMON_BLOCKS = YES;
				GCC_OPTIMIZATION_LEVEL = 0;
				GCC_PREPROCESSOR_DEFINITIONS = (
					"DEBUG=1",
					"$(inherited)",
				);
				GCC_WARN_64_TO_32_BIT_CONVERSION = YES;
				GCC_WARN_ABOUT_RETURN_TYPE = YES_ERROR;
				GCC_WARN_UNDECLARED_SELECTOR = YES;
				GCC_WARN_UNINITIALIZED_AUTOS = YES_AGGRESSIVE;
				GCC_WARN_UNUSED_FUNCTION = YES;
				GCC_WARN_UNUSED_VARIABLE = YES;
				IPHONEOS_DEPLOYMENT_TARGET = 14.0;
				MTL_ENABLE_DEBUG_INFO = INCLUDE_SOURCE;
				MTL_FAST_MATH = YES;
				ONLY_ACTIVE_ARCH = YES;
				SDKROOT = iphoneos;
				SWIFT_ACTIVE_COMPILATION_CONDITIONS = DEBUG;
				SWIFT_OPTIMIZATION_LEVEL = "-Onone";
			};
			name = Debug;
		};
		F889F5492519F50700014FBA /* Release */ = {
			isa = XCBuildConfiguration;
			buildSettings = {
				ALWAYS_SEARCH_USER_PATHS = NO;
				CLANG_ANALYZER_NONNULL = YES;
				CLANG_ANALYZER_NUMBER_OBJECT_CONVERSION = YES_AGGRESSIVE;
				CLANG_CXX_LANGUAGE_STANDARD = "gnu++14";
				CLANG_CXX_LIBRARY = "libc++";
				CLANG_ENABLE_MODULES = YES;
				CLANG_ENABLE_OBJC_ARC = YES;
				CLANG_ENABLE_OBJC_WEAK = YES;
				CLANG_WARN_BLOCK_CAPTURE_AUTORELEASING = YES;
				CLANG_WARN_BOOL_CONVERSION = YES;
				CLANG_WARN_COMMA = YES;
				CLANG_WARN_CONSTANT_CONVERSION = YES;
				CLANG_WARN_DEPRECATED_OBJC_IMPLEMENTATIONS = YES;
				CLANG_WARN_DIRECT_OBJC_ISA_USAGE = YES_ERROR;
				CLANG_WARN_DOCUMENTATION_COMMENTS = YES;
				CLANG_WARN_EMPTY_BODY = YES;
				CLANG_WARN_ENUM_CONVERSION = YES;
				CLANG_WARN_INFINITE_RECURSION = YES;
				CLANG_WARN_INT_CONVERSION = YES;
				CLANG_WARN_NON_LITERAL_NULL_CONVERSION = YES;
				CLANG_WARN_OBJC_IMPLICIT_RETAIN_SELF = YES;
				CLANG_WARN_OBJC_LITERAL_CONVERSION = YES;
				CLANG_WARN_OBJC_ROOT_CLASS = YES_ERROR;
				CLANG_WARN_QUOTED_INCLUDE_IN_FRAMEWORK_HEADER = YES;
				CLANG_WARN_RANGE_LOOP_ANALYSIS = YES;
				CLANG_WARN_STRICT_PROTOTYPES = YES;
				CLANG_WARN_SUSPICIOUS_MOVE = YES;
				CLANG_WARN_UNGUARDED_AVAILABILITY = YES_AGGRESSIVE;
				CLANG_WARN_UNREACHABLE_CODE = YES;
				CLANG_WARN__DUPLICATE_METHOD_MATCH = YES;
				COPY_PHASE_STRIP = NO;
				DEBUG_INFORMATION_FORMAT = "dwarf-with-dsym";
				ENABLE_NS_ASSERTIONS = NO;
				ENABLE_STRICT_OBJC_MSGSEND = YES;
				GCC_C_LANGUAGE_STANDARD = gnu11;
				GCC_NO_COMMON_BLOCKS = YES;
				GCC_WARN_64_TO_32_BIT_CONVERSION = YES;
				GCC_WARN_ABOUT_RETURN_TYPE = YES_ERROR;
				GCC_WARN_UNDECLARED_SELECTOR = YES;
				GCC_WARN_UNINITIALIZED_AUTOS = YES_AGGRESSIVE;
				GCC_WARN_UNUSED_FUNCTION = YES;
				GCC_WARN_UNUSED_VARIABLE = YES;
				IPHONEOS_DEPLOYMENT_TARGET = 14.0;
				MTL_ENABLE_DEBUG_INFO = NO;
				MTL_FAST_MATH = YES;
				SDKROOT = iphoneos;
				SWIFT_COMPILATION_MODE = wholemodule;
				SWIFT_OPTIMIZATION_LEVEL = "-O";
				VALIDATE_PRODUCT = YES;
			};
			name = Release;
		};
		F889F54B2519F50700014FBA /* Debug */ = {
			isa = XCBuildConfiguration;
			buildSettings = {
				ASSETCATALOG_COMPILER_APPICON_NAME = AppIcon;
				ASSETCATALOG_COMPILER_GLOBAL_ACCENT_COLOR_NAME = AccentColor;
				CODE_SIGN_STYLE = Automatic;
				DEVELOPMENT_TEAM = PR72A5T3A8;
				INFOPLIST_FILE = cars/Info.plist;
				LD_RUNPATH_SEARCH_PATHS = (
					"$(inherited)",
					"@executable_path/Frameworks",
				);
				PRODUCT_BUNDLE_IDENTIFIER = nothingHere.cars;
				PRODUCT_NAME = "$(TARGET_NAME)";
				SWIFT_VERSION = 5.0;
				TARGETED_DEVICE_FAMILY = "1,2";
			};
			name = Debug;
		};
		F889F54C2519F50700014FBA /* Release */ = {
			isa = XCBuildConfiguration;
			buildSettings = {
				ASSETCATALOG_COMPILER_APPICON_NAME = AppIcon;
				ASSETCATALOG_COMPILER_GLOBAL_ACCENT_COLOR_NAME = AccentColor;
				CODE_SIGN_STYLE = Automatic;
				DEVELOPMENT_TEAM = PR72A5T3A8;
				INFOPLIST_FILE = cars/Info.plist;
				LD_RUNPATH_SEARCH_PATHS = (
					"$(inherited)",
					"@executable_path/Frameworks",
				);
				PRODUCT_BUNDLE_IDENTIFIER = nothingHere.cars;
				PRODUCT_NAME = "$(TARGET_NAME)";
				SWIFT_VERSION = 5.0;
				TARGETED_DEVICE_FAMILY = "1,2";
			};
			name = Release;
		};
/* End XCBuildConfiguration section */

/* Begin XCConfigurationList section */
		F889F52E2519F50500014FBA /* Build configuration list for PBXProject "cars" */ = {
			isa = XCConfigurationList;
			buildConfigurations = (
				F889F5482519F50700014FBA /* Debug */,
				F889F5492519F50700014FBA /* Release */,
			);
			defaultConfigurationIsVisible = 0;
			defaultConfigurationName = Release;
		};
		F889F54A2519F50700014FBA /* Build configuration list for PBXNativeTarget "cars" */ = {
			isa = XCConfigurationList;
			buildConfigurations = (
				F889F54B2519F50700014FBA /* Debug */,
				F889F54C2519F50700014FBA /* Release */,
			);
			defaultConfigurationIsVisible = 0;
			defaultConfigurationName = Release;
		};
/* End XCConfigurationList section */

/* Begin XCVersionGroup section */
		F889F53F2519F50500014FBA /* cars.xcdatamodeld */ = {
			isa = XCVersionGroup;
			children = (
				F889F5402519F50500014FBA /* cars.xcdatamodel */,
			);
			currentVersion = F889F5402519F50500014FBA /* cars.xcdatamodel */;
			path = cars.xcdatamodeld;
			sourceTree = "<group>";
			versionGroupType = wrapper.xcdatamodel;
		};
/* End XCVersionGroup section */
	};
	rootObject = F889F52B2519F50500014FBA /* Project object */;
}
